
Microsoft Visual Studio Solution File, Format Version 12.00
# Visual Studio Version 17
VisualStudioVersion = 17.14.36127.28
MinimumVisualStudioVersion = 10.0.40219.1
Project("{FAE04EC0-301F-11D3-BF4B-00C04F79EFBC}") = "MadZooWinApp_EF", "MadZooWinApp_EF.csproj", "{71A3236D-789D-4DEC-8A9F-F8D9FDB9D083}"
EndProject
Global
	GlobalSection(SolutionConfigurationPlatforms) = preSolution
		Debug|Any CPU = Debug|Any CPU
		Release|Any CPU = Release|Any CPU
	EndGlobalSection
	GlobalSection(ProjectConfigurationPlatforms) = postSolution
		{71A3236D-789D-4DEC-8A9F-F8D9FDB9D083}.Debug|Any CPU.ActiveCfg = Debug|Any CPU
		{71A3236D-789D-4DEC-8A9F-F8D9FDB9D083}.Debug|Any CPU.Build.0 = Debug|Any CPU
		{71A3236D-789D-4DEC-8A9F-F8D9FDB9D083}.Release|Any CPU.ActiveCfg = Release|Any CPU
		{71A3236D-789D-4DEC-8A9F-F8D9FDB9D083}.Release|Any CPU.Build.0 = Release|Any CPU
	EndGlobalSection
	GlobalSection(SolutionProperties) = preSolution
		HideSolutionNode = FALSE
	EndGlobalSection
	GlobalSection(ExtensibilityGlobals) = postSolution
		SolutionGuid = {931B487D-24F3-41D4-92EC-8639EADE8007}
	EndGlobalSection
EndGlobal
